
Microsoft Visual Studio Solution File, Format Version 12.00
# Visual Studio Version 17
VisualStudioVersion = 17.13.35913.81 d17.13
MinimumVisualStudioVersion = 10.0.40219.1
Project("{FAE04EC0-301F-11D3-BF4B-00C04F79EFBC}") = "Project2", "Project2.csproj", "{D1F68B14-218F-403B-8A00-59AFD492165E}"
EndProject
Global
	GlobalSection(SolutionConfigurationPlatforms) = preSolution
		Debug|Any CPU = Debug|Any CPU
		Release|Any CPU = Release|Any CPU
	EndGlobalSection
	GlobalSection(ProjectConfigurationPlatforms) = postSolution
		{D1F68B14-218F-403B-8A00-59AFD492165E}.Debug|Any CPU.ActiveCfg = Debug|Any CPU
		{D1F68B14-218F-403B-8A00-59AFD492165E}.Debug|Any CPU.Build.0 = Debug|Any CPU
		{D1F68B14-218F-403B-8A00-59AFD492165E}.Release|Any CPU.ActiveCfg = Release|Any CPU
		{D1F68B14-218F-403B-8A00-59AFD492165E}.Release|Any CPU.Build.0 = Release|Any CPU
	EndGlobalSection
	GlobalSection(SolutionProperties) = preSolution
		HideSolutionNode = FALSE
	EndGlobalSection
	GlobalSection(ExtensibilityGlobals) = postSolution
		SolutionGuid = {DFD9B8E4-2AEB-4715-9A72-270D3754F646}
	EndGlobalSection
EndGlobal
