
Microsoft Visual Studio Solution File, Format Version 12.00
# Visual Studio Version 17
VisualStudioVersion = 17.13.35913.81 d17.13
MinimumVisualStudioVersion = 10.0.40219.1
Project("{FAE04EC0-301F-11D3-BF4B-00C04F79EFBC}") = "project4", "project4.csproj", "{0F5D3A7A-6E94-467E-90E5-B86D221B1400}"
EndProject
Global
	GlobalSection(SolutionConfigurationPlatforms) = preSolution
		Debug|Any CPU = Debug|Any CPU
		Release|Any CPU = Release|Any CPU
	EndGlobalSection
	GlobalSection(ProjectConfigurationPlatforms) = postSolution
		{0F5D3A7A-6E94-467E-90E5-B86D221B1400}.Debug|Any CPU.ActiveCfg = Debug|Any CPU
		{0F5D3A7A-6E94-467E-90E5-B86D221B1400}.Debug|Any CPU.Build.0 = Debug|Any CPU
		{0F5D3A7A-6E94-467E-90E5-B86D221B1400}.Release|Any CPU.ActiveCfg = Release|Any CPU
		{0F5D3A7A-6E94-467E-90E5-B86D221B1400}.Release|Any CPU.Build.0 = Release|Any CPU
	EndGlobalSection
	GlobalSection(SolutionProperties) = preSolution
		HideSolutionNode = FALSE
	EndGlobalSection
	GlobalSection(ExtensibilityGlobals) = postSolution
		SolutionGuid = {24EBA031-B667-45B0-8A74-D36BEE768C99}
	EndGlobalSection
EndGlobal
