
Microsoft Visual Studio Solution File, Format Version 12.00
# Visual Studio Version 17
VisualStudioVersion = 17.13.35913.81 d17.13
MinimumVisualStudioVersion = 10.0.40219.1
Project("{FAE04EC0-301F-11D3-BF4B-00C04F79EFBC}") = "project2b", "project2b.csproj", "{51DCCE5A-954A-479A-8B4F-9E0CCBF8A187}"
EndProject
Global
	GlobalSection(SolutionConfigurationPlatforms) = preSolution
		Debug|Any CPU = Debug|Any CPU
		Release|Any CPU = Release|Any CPU
	EndGlobalSection
	GlobalSection(ProjectConfigurationPlatforms) = postSolution
		{51DCCE5A-954A-479A-8B4F-9E0CCBF8A187}.Debug|Any CPU.ActiveCfg = Debug|Any CPU
		{51DCCE5A-954A-479A-8B4F-9E0CCBF8A187}.Debug|Any CPU.Build.0 = Debug|Any CPU
		{51DCCE5A-954A-479A-8B4F-9E0CCBF8A187}.Release|Any CPU.ActiveCfg = Release|Any CPU
		{51DCCE5A-954A-479A-8B4F-9E0CCBF8A187}.Release|Any CPU.Build.0 = Release|Any CPU
	EndGlobalSection
	GlobalSection(SolutionProperties) = preSolution
		HideSolutionNode = FALSE
	EndGlobalSection
	GlobalSection(ExtensibilityGlobals) = postSolution
		SolutionGuid = {A4E137A7-6A52-461A-96EF-1C432555881A}
	EndGlobalSection
EndGlobal
